// !$*UTF8*$!
{
	archiveVersion = 1;
	classes = {
	};
	objectVersion = 46;
	objects = {

/* Begin PBXAggregateTarget section */
		77535B9FCB2B402E9488588F /* ZERO_CHECK */ = {
			isa = PBXAggregateTarget;
			buildConfigurationList = 03094525A0E941C59CA34F52 /* Build configuration list for PBXAggregateTarget "ZERO_CHECK" */;
			buildPhases = (
				D618749CBE9545FA9B06D39E /* CMake Rules */,
			);
			dependencies = (
			);
			name = ZERO_CHECK;
			productName = ZERO_CHECK;
		};
		CA176E041DD94397AFCF194E /* ALL_BUILD */ = {
			isa = PBXAggregateTarget;
			buildConfigurationList = 28ED056FFCD948118083433C /* Build configuration list for PBXAggregateTarget "ALL_BUILD" */;
			buildPhases = (
				49FE256A7BE3421E9385EB3A /* CMake Rules */,
			);
			dependencies = (
				4E3DF6A33A8F4D6B87889743 /* PBXTargetDependency */,
				6D7677FEF8BC4F75B64F464A /* PBXTargetDependency */,
			);
			name = ALL_BUILD;
			productName = ALL_BUILD;
		};
/* End PBXAggregateTarget section */

/* Begin PBXBuildFile section */
		0DF5CD5DDDD44C5BB28CC24A /* /Users/hang/Desktop/SelfDrivingCar__TERM2/Term2/P2/src/tools.cpp */ = {isa = PBXBuildFile; fileRef = 1E9FE631C9D5448791EF1B83 /* /Users/hang/Desktop/SelfDrivingCar__TERM2/Term2/P2/src/tools.cpp */; settings = {COMPILER_FLAGS = ""; }; };
		9B62A915B9954C0DA05E586F /* /Users/hang/Desktop/SelfDrivingCar__TERM2/Term2/P2/CMakeLists.txt */ = {isa = PBXBuildFile; fileRef = 09B7D66DC9DD4905A3BAB751 /* /Users/hang/Desktop/SelfDrivingCar__TERM2/Term2/P2/CMakeLists.txt */; settings = {COMPILER_FLAGS = ""; }; };
		A42BAB2B49F746A98B1D239C /* /Users/hang/Desktop/SelfDrivingCar__TERM2/Term2/P2/src/main.cpp */ = {isa = PBXBuildFile; fileRef = 5C9B3338366D4038A0896577 /* /Users/hang/Desktop/SelfDrivingCar__TERM2/Term2/P2/src/main.cpp */; settings = {COMPILER_FLAGS = ""; }; };
		D95C1F407B8442CC8BBD7E19 /* /Users/hang/Desktop/SelfDrivingCar__TERM2/Term2/P2/src/ukf.cpp */ = {isa = PBXBuildFile; fileRef = E60DF450FF554BD3850ABCB9 /* /Users/hang/Desktop/SelfDrivingCar__TERM2/Term2/P2/src/ukf.cpp */; settings = {COMPILER_FLAGS = ""; }; };
/* End PBXBuildFile section */

/* Begin PBXBuildStyle section */
		03F9A202BAFF40C7927F0E02 /* RelWithDebInfo */ = {
			isa = PBXBuildStyle;
			buildSettings = {
				COPY_PHASE_STRIP = NO;
			};
			name = RelWithDebInfo;
		};
		93A3915F24844C59AE269D0E = {
			isa = PBXBuildStyle;
		};
		C0083843BB0D4597AD455456 /* Debug */ = {
			isa = PBXBuildStyle;
			buildSettings = {
				COPY_PHASE_STRIP = NO;
			};
			name = Debug;
		};
		E4114E3C4BFD4BD7A8C4CDB4 /* MinSizeRel */ = {
			isa = PBXBuildStyle;
			buildSettings = {
				COPY_PHASE_STRIP = NO;
			};
			name = MinSizeRel;
		};
		F1797B2EBAA54897AF1E9212 /* Release */ = {
			isa = PBXBuildStyle;
			buildSettings = {
				COPY_PHASE_STRIP = NO;
			};
			name = Release;
		};
/* End PBXBuildStyle section */

/* Begin PBXContainerItemProxy section */
		0C0997DB364E462A89A6A315 /* PBXContainerItemProxy */ = {
			isa = PBXContainerItemProxy;
			containerPortal = 335DD97DCA5B45FD9C096280 /* Project object */;
			proxyType = 1;
			remoteGlobalIDString = 77535B9FCB2B402E9488588F;
			remoteInfo = ZERO_CHECK;
		};
		8EF9E714748A4F2DA7D68089 /* PBXContainerItemProxy */ = {
			isa = PBXContainerItemProxy;
			containerPortal = 335DD97DCA5B45FD9C096280 /* Project object */;
			proxyType = 1;
			remoteGlobalIDString = 77535B9FCB2B402E9488588F;
			remoteInfo = ZERO_CHECK;
		};
		D12609692C5040F19C6E23FE /* PBXContainerItemProxy */ = {
			isa = PBXContainerItemProxy;
			containerPortal = 335DD97DCA5B45FD9C096280 /* Project object */;
			proxyType = 1;
			remoteGlobalIDString = AFF9B4640B49489F8956A3D7;
			remoteInfo = UnscentedKF;
		};
/* End PBXContainerItemProxy section */

/* Begin PBXFileReference section */
		09B7D66DC9DD4905A3BAB751 /* /Users/hang/Desktop/SelfDrivingCar__TERM2/Term2/P2/CMakeLists.txt */ = {isa = PBXFileReference; explicitFileType = sourcecode.text; fileEncoding = 4; name = CMakeLists.txt; path = CMakeLists.txt; sourceTree = SOURCE_ROOT; };
		1314D51F507148788641B505 /* UnscentedKF */ = {isa = PBXFileReference; explicitFileType = "compiled.mach-o.executable"; path = UnscentedKF; refType = 0; sourceTree = BUILT_PRODUCTS_DIR; };
		1E9FE631C9D5448791EF1B83 /* /Users/hang/Desktop/SelfDrivingCar__TERM2/Term2/P2/src/tools.cpp */ = {isa = PBXFileReference; explicitFileType = sourcecode.cpp.cpp; fileEncoding = 4; name = tools.cpp; path = src/tools.cpp; sourceTree = SOURCE_ROOT; };
		3494BD49189A409C893521AD /* /Users/hang/Desktop/SelfDrivingCar__TERM2/Term2/P2/CMakeLists.txt */ = {isa = PBXFileReference; explicitFileType = sourcecode.text; fileEncoding = 4; name = CMakeLists.txt; path = CMakeLists.txt; sourceTree = SOURCE_ROOT; };
		5C9B3338366D4038A0896577 /* /Users/hang/Desktop/SelfDrivingCar__TERM2/Term2/P2/src/main.cpp */ = {isa = PBXFileReference; explicitFileType = sourcecode.cpp.cpp; fileEncoding = 4; name = main.cpp; path = src/main.cpp; sourceTree = SOURCE_ROOT; };
		A4506D7DFE9A40E8A5994FDE /* /Users/hang/Desktop/SelfDrivingCar__TERM2/Term2/P2/CMakeLists.txt */ = {isa = PBXFileReference; explicitFileType = sourcecode.text; fileEncoding = 4; name = CMakeLists.txt; path = CMakeLists.txt; sourceTree = SOURCE_ROOT; };
		E60DF450FF554BD3850ABCB9 /* /Users/hang/Desktop/SelfDrivingCar__TERM2/Term2/P2/src/ukf.cpp */ = {isa = PBXFileReference; explicitFileType = sourcecode.cpp.cpp; fileEncoding = 4; name = ukf.cpp; path = src/ukf.cpp; sourceTree = SOURCE_ROOT; };
/* End PBXFileReference section */

/* Begin PBXGroup section */
		0103B7CB1AE043259DDE28FF /* Products */ = {
			isa = PBXGroup;
			children = (
				1314D51F507148788641B505 /* UnscentedKF */,
			);
			name = Products;
			sourceTree = "<group>";
		};
		13C94374549047CFA97724A8 = {
			isa = PBXGroup;
			children = (
				AC85E956EA7A4D038206333E /* Sources */,
				DC0F15AF0FDB4D4596373C67 /* Resources */,
				0103B7CB1AE043259DDE28FF /* Products */,
			);
			sourceTree = "<group>";
		};
		26F2D420F27A4AECA6D58DF8 /* CMake Rules */ = {
			isa = PBXGroup;
			children = (
			);
			name = "CMake Rules";
			sourceTree = "<group>";
		};
		2C7D006F4E014A4688806DF3 /* Source Files */ = {
			isa = PBXGroup;
			children = (
				5C9B3338366D4038A0896577 /* /Users/hang/Desktop/SelfDrivingCar__TERM2/Term2/P2/src/main.cpp */,
				1E9FE631C9D5448791EF1B83 /* /Users/hang/Desktop/SelfDrivingCar__TERM2/Term2/P2/src/tools.cpp */,
				E60DF450FF554BD3850ABCB9 /* /Users/hang/Desktop/SelfDrivingCar__TERM2/Term2/P2/src/ukf.cpp */,
			);
			name = "Source Files";
			sourceTree = "<group>";
		};
		41E072CA9E4145F189247E5D /* ALL_BUILD */ = {
			isa = PBXGroup;
			children = (
				85CB4EF4EAC2426A95DDFF3F /* CMake Rules */,
				3494BD49189A409C893521AD /* /Users/hang/Desktop/SelfDrivingCar__TERM2/Term2/P2/CMakeLists.txt */,
			);
			name = ALL_BUILD;
			sourceTree = "<group>";
		};
		556D030DD58A40B691943972 /* UnscentedKF */ = {
			isa = PBXGroup;
			children = (
				2C7D006F4E014A4688806DF3 /* Source Files */,
				09B7D66DC9DD4905A3BAB751 /* /Users/hang/Desktop/SelfDrivingCar__TERM2/Term2/P2/CMakeLists.txt */,
			);
			name = UnscentedKF;
			sourceTree = "<group>";
		};
		84447BA595D447DA9C2495FA /* ZERO_CHECK */ = {
			isa = PBXGroup;
			children = (
				26F2D420F27A4AECA6D58DF8 /* CMake Rules */,
				A4506D7DFE9A40E8A5994FDE /* /Users/hang/Desktop/SelfDrivingCar__TERM2/Term2/P2/CMakeLists.txt */,
			);
			name = ZERO_CHECK;
			sourceTree = "<group>";
		};
		85CB4EF4EAC2426A95DDFF3F /* CMake Rules */ = {
			isa = PBXGroup;
			children = (
			);
			name = "CMake Rules";
			sourceTree = "<group>";
		};
		AC85E956EA7A4D038206333E /* Sources */ = {
			isa = PBXGroup;
			children = (
				556D030DD58A40B691943972 /* UnscentedKF */,
				41E072CA9E4145F189247E5D /* ALL_BUILD */,
				84447BA595D447DA9C2495FA /* ZERO_CHECK */,
			);
			name = Sources;
			sourceTree = "<group>";
		};
		DC0F15AF0FDB4D4596373C67 /* Resources */ = {
			isa = PBXGroup;
			children = (
			);
			name = Resources;
			sourceTree = "<group>";
		};
/* End PBXGroup section */

/* Begin PBXNativeTarget section */
		AFF9B4640B49489F8956A3D7 /* UnscentedKF */ = {
			isa = PBXNativeTarget;
			buildConfigurationList = 6A5CCEA75EFC4AB2806DD0EE /* Build configuration list for PBXNativeTarget "UnscentedKF" */;
			buildPhases = (
				244A988A3DC546BBA1D72E3B /* Sources */,
			);
			buildRules = (
			);
			dependencies = (
				49D73A46CF574165BF7E4F7B /* PBXTargetDependency */,
			);
			name = UnscentedKF;
			productName = UnscentedKF;
			productReference = 1314D51F507148788641B505 /* UnscentedKF */;
			productType = "com.apple.product-type.tool";
		};
/* End PBXNativeTarget section */

/* Begin PBXProject section */
		335DD97DCA5B45FD9C096280 /* Project object */ = {
			isa = PBXProject;
			attributes = {
				BuildIndependentTargetsInParallel = YES;
				LastUpgradeCheck = 0830;
			};
			buildConfigurationList = 246AB4426D424E15A8310FFE /* Build configuration list for PBXProject "UnscentedKF" */;
			buildSettings = {
			};
			buildStyles = (
				C0083843BB0D4597AD455456 /* Debug */,
				F1797B2EBAA54897AF1E9212 /* Release */,
				E4114E3C4BFD4BD7A8C4CDB4 /* MinSizeRel */,
				03F9A202BAFF40C7927F0E02 /* RelWithDebInfo */,
			);
			compatibilityVersion = "Xcode 3.2";
			hasScannedForEncodings = 0;
			mainGroup = 13C94374549047CFA97724A8;
			projectDirPath = .;
			projectRoot = "";
			targets = (
				CA176E041DD94397AFCF194E /* ALL_BUILD */,
				AFF9B4640B49489F8956A3D7 /* UnscentedKF */,
				77535B9FCB2B402E9488588F /* ZERO_CHECK */,
			);
		};
/* End PBXProject section */

/* Begin PBXShellScriptBuildPhase section */
		0B7F39C072354D2E8327CB13 = {
			isa = PBXShellScriptBuildPhase;
			buildActionMask = 2147483647;
			files = (
			);
			inputPaths = (
			);
			outputPaths = (
			);
			runOnlyForDeploymentPostprocessing = 0;
			shellPath = /bin/sh;
			shellScript = "# shell script goes here
exit 0";
			showEnvVarsInLog = 0;
		};
		49FE256A7BE3421E9385EB3A /* CMake Rules */ = {
			isa = PBXShellScriptBuildPhase;
			buildActionMask = 2147483647;
			files = (
			);
			name = "CMake Rules";
			runOnlyForDeploymentPostprocessing = 0;
			shellPath = /bin/sh;
			shellScript = "make -C /Users/hang/Desktop/SelfDrivingCar__TERM2/Term2/P2 -f /Users/hang/Desktop/SelfDrivingCar__TERM2/Term2/P2/CMakeScripts/ALL_BUILD_cmakeRulesBuildPhase.make$CONFIGURATION all";
			showEnvVarsInLog = 0;
		};
		963339C0900E4DEDA28AB145 = {
			isa = PBXShellScriptBuildPhase;
			buildActionMask = 2147483647;
			files = (
			);
			inputPaths = (
			);
			outputPaths = (
			);
			runOnlyForDeploymentPostprocessing = 0;
			shellPath = /bin/sh;
			shellScript = "# shell script goes here
exit 0";
			showEnvVarsInLog = 0;
		};
		D618749CBE9545FA9B06D39E /* CMake Rules */ = {
			isa = PBXShellScriptBuildPhase;
			buildActionMask = 2147483647;
			files = (
			);
			name = "CMake Rules";
			runOnlyForDeploymentPostprocessing = 0;
			shellPath = /bin/sh;
			shellScript = "make -C /Users/hang/Desktop/SelfDrivingCar__TERM2/Term2/P2 -f /Users/hang/Desktop/SelfDrivingCar__TERM2/Term2/P2/CMakeScripts/ZERO_CHECK_cmakeRulesBuildPhase.make$CONFIGURATION all";
			showEnvVarsInLog = 0;
		};
/* End PBXShellScriptBuildPhase section */

/* Begin PBXSourcesBuildPhase section */
		244A988A3DC546BBA1D72E3B /* Sources */ = {
			isa = PBXSourcesBuildPhase;
			buildActionMask = 2147483647;
			files = (
				A42BAB2B49F746A98B1D239C /* /Users/hang/Desktop/SelfDrivingCar__TERM2/Term2/P2/src/main.cpp */,
				0DF5CD5DDDD44C5BB28CC24A /* /Users/hang/Desktop/SelfDrivingCar__TERM2/Term2/P2/src/tools.cpp */,
				D95C1F407B8442CC8BBD7E19 /* /Users/hang/Desktop/SelfDrivingCar__TERM2/Term2/P2/src/ukf.cpp */,
			);
			runOnlyForDeploymentPostprocessing = 0;
		};
/* End PBXSourcesBuildPhase section */

/* Begin PBXTargetDependency section */
		49D73A46CF574165BF7E4F7B /* PBXTargetDependency */ = {
			isa = PBXTargetDependency;
			target = 77535B9FCB2B402E9488588F /* ZERO_CHECK */;
			targetProxy = 0C0997DB364E462A89A6A315 /* PBXContainerItemProxy */;
		};
		4E3DF6A33A8F4D6B87889743 /* PBXTargetDependency */ = {
			isa = PBXTargetDependency;
			target = AFF9B4640B49489F8956A3D7 /* UnscentedKF */;
			targetProxy = D12609692C5040F19C6E23FE /* PBXContainerItemProxy */;
		};
		6D7677FEF8BC4F75B64F464A /* PBXTargetDependency */ = {
			isa = PBXTargetDependency;
			target = 77535B9FCB2B402E9488588F /* ZERO_CHECK */;
			targetProxy = 8EF9E714748A4F2DA7D68089 /* PBXContainerItemProxy */;
		};
/* End PBXTargetDependency section */

/* Begin XCBuildConfiguration section */
		059C8C9BF1B942B489BF6054 /* Release */ = {
			isa = XCBuildConfiguration;
			buildSettings = {
				COMBINE_HIDPI_IMAGES = YES;
				EXECUTABLE_PREFIX = "";
				EXECUTABLE_SUFFIX = "";
				GCC_GENERATE_DEBUGGING_SYMBOLS = NO;
				GCC_INLINES_ARE_PRIVATE_EXTERN = NO;
				GCC_OPTIMIZATION_LEVEL = 3;
				GCC_PREPROCESSOR_DEFINITIONS = ("'CMAKE_INTDIR=\"$(CONFIGURATION)$(EFFECTIVE_PLATFORM_NAME)\"'", );
				GCC_SYMBOLS_PRIVATE_EXTERN = NO;
				HEADER_SEARCH_PATHS = (/usr/local/include, /usr/local/opt/openssl/include, );
				INSTALL_PATH = "";
				LD_RUNPATH_SEARCH_PATHS = "/usr/local/lib /usr/local/opt/openssl/lib /usr/local/Cellar/libuv/1.11.0/lib";
				LIBRARY_SEARCH_PATHS = " /usr/local/lib/$(CONFIGURATION)$(EFFECTIVE_PLATFORM_NAME) /usr/local/lib /usr/local/opt/openssl/lib/$(CONFIGURATION)$(EFFECTIVE_PLATFORM_NAME) /usr/local/opt/openssl/lib /usr/local/Cellar/libuv/1.11.0/lib/$(CONFIGURATION)$(EFFECTIVE_PLATFORM_NAME) /usr/local/Cellar/libuv/1.11.0/lib";
				OTHER_CPLUSPLUSFLAGS = "    -DNDEBUG   -std=c++11";
				OTHER_LDFLAGS = " -Wl,-search_paths_first -Wl,-headerpad_max_install_names  -lz -lssl -luv -luWS";
				OTHER_REZFLAGS = "";
				PRODUCT_NAME = UnscentedKF;
				SECTORDER_FLAGS = "";
				SYMROOT = /Users/hang/Desktop/SelfDrivingCar__TERM2/Term2/P2;
				USE_HEADERMAP = NO;
				WARNING_CFLAGS = ("-Wmost", "-Wno-four-char-constants", "-Wno-unknown-pragmas", "$(inherited)", );
			};
			name = Release;
		};
		1EBE638FB4E54D038667BD42 /* Debug */ = {
			isa = XCBuildConfiguration;
			buildSettings = {
				COMBINE_HIDPI_IMAGES = YES;
				GCC_GENERATE_DEBUGGING_SYMBOLS = YES;
				GCC_INLINES_ARE_PRIVATE_EXTERN = NO;
				GCC_OPTIMIZATION_LEVEL = 0;
				GCC_PREPROCESSOR_DEFINITIONS = ("'CMAKE_INTDIR=\"$(CONFIGURATION)$(EFFECTIVE_PLATFORM_NAME)\"'", );
				GCC_SYMBOLS_PRIVATE_EXTERN = NO;
				HEADER_SEARCH_PATHS = (/usr/local/include, /usr/local/opt/openssl/include, );
				INSTALL_PATH = "";
				OTHER_LDFLAGS = " ";
				OTHER_REZFLAGS = "";
				PRODUCT_NAME = ZERO_CHECK;
				SECTORDER_FLAGS = "";
				SYMROOT = /Users/hang/Desktop/SelfDrivingCar__TERM2/Term2/P2;
				USE_HEADERMAP = NO;
				WARNING_CFLAGS = ("-Wmost", "-Wno-four-char-constants", "-Wno-unknown-pragmas", "$(inherited)", );
			};
			name = Debug;
		};
		2830B2A01EFE4F6DBD2190F8 /* MinSizeRel */ = {
			isa = XCBuildConfiguration;
			buildSettings = {
				COMBINE_HIDPI_IMAGES = YES;
				EXECUTABLE_PREFIX = "";
				EXECUTABLE_SUFFIX = "";
				GCC_GENERATE_DEBUGGING_SYMBOLS = NO;
				GCC_INLINES_ARE_PRIVATE_EXTERN = NO;
				GCC_OPTIMIZATION_LEVEL = s;
				GCC_PREPROCESSOR_DEFINITIONS = ("'CMAKE_INTDIR=\"$(CONFIGURATION)$(EFFECTIVE_PLATFORM_NAME)\"'", );
				GCC_SYMBOLS_PRIVATE_EXTERN = NO;
				HEADER_SEARCH_PATHS = (/usr/local/include, /usr/local/opt/openssl/include, );
				INSTALL_PATH = "";
				LD_RUNPATH_SEARCH_PATHS = "/usr/local/lib /usr/local/opt/openssl/lib /usr/local/Cellar/libuv/1.11.0/lib";
				LIBRARY_SEARCH_PATHS = " /usr/local/lib/$(CONFIGURATION)$(EFFECTIVE_PLATFORM_NAME) /usr/local/lib /usr/local/opt/openssl/lib/$(CONFIGURATION)$(EFFECTIVE_PLATFORM_NAME) /usr/local/opt/openssl/lib /usr/local/Cellar/libuv/1.11.0/lib/$(CONFIGURATION)$(EFFECTIVE_PLATFORM_NAME) /usr/local/Cellar/libuv/1.11.0/lib";
				OTHER_CPLUSPLUSFLAGS = "    -DNDEBUG   -std=c++11";
				OTHER_LDFLAGS = " -Wl,-search_paths_first -Wl,-headerpad_max_install_names  -lz -lssl -luv -luWS";
				OTHER_REZFLAGS = "";
				PRODUCT_NAME = UnscentedKF;
				SECTORDER_FLAGS = "";
				SYMROOT = /Users/hang/Desktop/SelfDrivingCar__TERM2/Term2/P2;
				USE_HEADERMAP = NO;
				WARNING_CFLAGS = ("-Wmost", "-Wno-four-char-constants", "-Wno-unknown-pragmas", "$(inherited)", );
			};
			name = MinSizeRel;
		};
		30C1BB2325F24FB6BAF04FA8 /* Release */ = {
			isa = XCBuildConfiguration;
			buildSettings = {
				COMBINE_HIDPI_IMAGES = YES;
				GCC_GENERATE_DEBUGGING_SYMBOLS = YES;
				GCC_INLINES_ARE_PRIVATE_EXTERN = NO;
				GCC_OPTIMIZATION_LEVEL = 0;
				GCC_PREPROCESSOR_DEFINITIONS = ("'CMAKE_INTDIR=\"$(CONFIGURATION)$(EFFECTIVE_PLATFORM_NAME)\"'", );
				GCC_SYMBOLS_PRIVATE_EXTERN = NO;
				HEADER_SEARCH_PATHS = (/usr/local/include, /usr/local/opt/openssl/include, );
				INSTALL_PATH = "";
				OTHER_LDFLAGS = " ";
				OTHER_REZFLAGS = "";
				PRODUCT_NAME = ALL_BUILD;
				SECTORDER_FLAGS = "";
				SYMROOT = /Users/hang/Desktop/SelfDrivingCar__TERM2/Term2/P2;
				USE_HEADERMAP = NO;
				WARNING_CFLAGS = ("-Wmost", "-Wno-four-char-constants", "-Wno-unknown-pragmas", "$(inherited)", );
			};
			name = Release;
		};
		3BA7B5D402584B5B932CBAE1 /* MinSizeRel */ = {
			isa = XCBuildConfiguration;
			buildSettings = {
				COMBINE_HIDPI_IMAGES = YES;
				GCC_GENERATE_DEBUGGING_SYMBOLS = YES;
				GCC_INLINES_ARE_PRIVATE_EXTERN = NO;
				GCC_OPTIMIZATION_LEVEL = 0;
				GCC_PREPROCESSOR_DEFINITIONS = ("'CMAKE_INTDIR=\"$(CONFIGURATION)$(EFFECTIVE_PLATFORM_NAME)\"'", );
				GCC_SYMBOLS_PRIVATE_EXTERN = NO;
				HEADER_SEARCH_PATHS = (/usr/local/include, /usr/local/opt/openssl/include, );
				INSTALL_PATH = "";
				OTHER_LDFLAGS = " ";
				OTHER_REZFLAGS = "";
				PRODUCT_NAME = ALL_BUILD;
				SECTORDER_FLAGS = "";
				SYMROOT = /Users/hang/Desktop/SelfDrivingCar__TERM2/Term2/P2;
				USE_HEADERMAP = NO;
				WARNING_CFLAGS = ("-Wmost", "-Wno-four-char-constants", "-Wno-unknown-pragmas", "$(inherited)", );
			};
			name = MinSizeRel;
		};
		42C8727174A0468895D36DAD /* Release */ = {
			isa = XCBuildConfiguration;
			buildSettings = {
				ONLY_ACTIVE_ARCH = YES;
				SDKROOT = /Applications/Xcode.app/Contents/Developer/Platforms/MacOSX.platform/Developer/SDKs/MacOSX10.12.sdk;
				SYMROOT = /Users/hang/Desktop/SelfDrivingCar__TERM2/Term2/P2/build;
			};
			name = Release;
		};
		57949375D4E34FFE9389EA1E /* MinSizeRel */ = {
			isa = XCBuildConfiguration;
			buildSettings = {
				ONLY_ACTIVE_ARCH = YES;
				SDKROOT = /Applications/Xcode.app/Contents/Developer/Platforms/MacOSX.platform/Developer/SDKs/MacOSX10.12.sdk;
				SYMROOT = /Users/hang/Desktop/SelfDrivingCar__TERM2/Term2/P2/build;
			};
			name = MinSizeRel;
		};
		740A40DE9D384852A84102DB /* Debug */ = {
			isa = XCBuildConfiguration;
			buildSettings = {
				COMBINE_HIDPI_IMAGES = YES;
				EXECUTABLE_PREFIX = "";
				EXECUTABLE_SUFFIX = "";
				GCC_GENERATE_DEBUGGING_SYMBOLS = YES;
				GCC_INLINES_ARE_PRIVATE_EXTERN = NO;
				GCC_OPTIMIZATION_LEVEL = 0;
				GCC_PREPROCESSOR_DEFINITIONS = ("'CMAKE_INTDIR=\"$(CONFIGURATION)$(EFFECTIVE_PLATFORM_NAME)\"'", );
				GCC_SYMBOLS_PRIVATE_EXTERN = NO;
				HEADER_SEARCH_PATHS = (/usr/local/include, /usr/local/opt/openssl/include, );
				INSTALL_PATH = "";
				LD_RUNPATH_SEARCH_PATHS = "/usr/local/lib /usr/local/opt/openssl/lib /usr/local/Cellar/libuv/1.11.0/lib";
				LIBRARY_SEARCH_PATHS = " /usr/local/lib/$(CONFIGURATION)$(EFFECTIVE_PLATFORM_NAME) /usr/local/lib /usr/local/opt/openssl/lib/$(CONFIGURATION)$(EFFECTIVE_PLATFORM_NAME) /usr/local/opt/openssl/lib /usr/local/Cellar/libuv/1.11.0/lib/$(CONFIGURATION)$(EFFECTIVE_PLATFORM_NAME) /usr/local/Cellar/libuv/1.11.0/lib";
				OTHER_CPLUSPLUSFLAGS = "     -std=c++11";
				OTHER_LDFLAGS = " -Wl,-search_paths_first -Wl,-headerpad_max_install_names  -lz -lssl -luv -luWS";
				OTHER_REZFLAGS = "";
				PRODUCT_NAME = UnscentedKF;
				SECTORDER_FLAGS = "";
				SYMROOT = /Users/hang/Desktop/SelfDrivingCar__TERM2/Term2/P2;
				USE_HEADERMAP = NO;
				WARNING_CFLAGS = ("-Wmost", "-Wno-four-char-constants", "-Wno-unknown-pragmas", "$(inherited)", );
			};
			name = Debug;
		};
		9739F7F5106B4D629EF1F6B4 /* Debug */ = {
			isa = XCBuildConfiguration;
			buildSettings = {
				COMBINE_HIDPI_IMAGES = YES;
				GCC_GENERATE_DEBUGGING_SYMBOLS = YES;
				GCC_INLINES_ARE_PRIVATE_EXTERN = NO;
				GCC_OPTIMIZATION_LEVEL = 0;
				GCC_PREPROCESSOR_DEFINITIONS = ("'CMAKE_INTDIR=\"$(CONFIGURATION)$(EFFECTIVE_PLATFORM_NAME)\"'", );
				GCC_SYMBOLS_PRIVATE_EXTERN = NO;
				HEADER_SEARCH_PATHS = (/usr/local/include, /usr/local/opt/openssl/include, );
				INSTALL_PATH = "";
				OTHER_LDFLAGS = " ";
				OTHER_REZFLAGS = "";
				PRODUCT_NAME = ALL_BUILD;
				SECTORDER_FLAGS = "";
				SYMROOT = /Users/hang/Desktop/SelfDrivingCar__TERM2/Term2/P2;
				USE_HEADERMAP = NO;
				WARNING_CFLAGS = ("-Wmost", "-Wno-four-char-constants", "-Wno-unknown-pragmas", "$(inherited)", );
			};
			name = Debug;
		};
		A35FA95FFDB94485A712921F /* MinSizeRel */ = {
			isa = XCBuildConfiguration;
			buildSettings = {
				COMBINE_HIDPI_IMAGES = YES;
				GCC_GENERATE_DEBUGGING_SYMBOLS = YES;
				GCC_INLINES_ARE_PRIVATE_EXTERN = NO;
				GCC_OPTIMIZATION_LEVEL = 0;
				GCC_PREPROCESSOR_DEFINITIONS = ("'CMAKE_INTDIR=\"$(CONFIGURATION)$(EFFECTIVE_PLATFORM_NAME)\"'", );
				GCC_SYMBOLS_PRIVATE_EXTERN = NO;
				HEADER_SEARCH_PATHS = (/usr/local/include, /usr/local/opt/openssl/include, );
				INSTALL_PATH = "";
				OTHER_LDFLAGS = " ";
				OTHER_REZFLAGS = "";
				PRODUCT_NAME = ZERO_CHECK;
				SECTORDER_FLAGS = "";
				SYMROOT = /Users/hang/Desktop/SelfDrivingCar__TERM2/Term2/P2;
				USE_HEADERMAP = NO;
				WARNING_CFLAGS = ("-Wmost", "-Wno-four-char-constants", "-Wno-unknown-pragmas", "$(inherited)", );
			};
			name = MinSizeRel;
		};
		BEE7E645277B4F0382FE5F63 /* RelWithDebInfo */ = {
			isa = XCBuildConfiguration;
			buildSettings = {
				COMBINE_HIDPI_IMAGES = YES;
				GCC_GENERATE_DEBUGGING_SYMBOLS = YES;
				GCC_INLINES_ARE_PRIVATE_EXTERN = NO;
				GCC_OPTIMIZATION_LEVEL = 0;
				GCC_PREPROCESSOR_DEFINITIONS = ("'CMAKE_INTDIR=\"$(CONFIGURATION)$(EFFECTIVE_PLATFORM_NAME)\"'", );
				GCC_SYMBOLS_PRIVATE_EXTERN = NO;
				HEADER_SEARCH_PATHS = (/usr/local/include, /usr/local/opt/openssl/include, );
				INSTALL_PATH = "";
				OTHER_LDFLAGS = " ";
				OTHER_REZFLAGS = "";
				PRODUCT_NAME = ALL_BUILD;
				SECTORDER_FLAGS = "";
				SYMROOT = /Users/hang/Desktop/SelfDrivingCar__TERM2/Term2/P2;
				USE_HEADERMAP = NO;
				WARNING_CFLAGS = ("-Wmost", "-Wno-four-char-constants", "-Wno-unknown-pragmas", "$(inherited)", );
			};
			name = RelWithDebInfo;
		};
		C21D3F7742DB427FA41D0CB3 /* RelWithDebInfo */ = {
			isa = XCBuildConfiguration;
			buildSettings = {
				ONLY_ACTIVE_ARCH = YES;
				SDKROOT = /Applications/Xcode.app/Contents/Developer/Platforms/MacOSX.platform/Developer/SDKs/MacOSX10.12.sdk;
				SYMROOT = /Users/hang/Desktop/SelfDrivingCar__TERM2/Term2/P2/build;
			};
			name = RelWithDebInfo;
		};
		D804B1553A46416AB896CF83 /* RelWithDebInfo */ = {
			isa = XCBuildConfiguration;
			buildSettings = {
				COMBINE_HIDPI_IMAGES = YES;
				EXECUTABLE_PREFIX = "";
				EXECUTABLE_SUFFIX = "";
				GCC_GENERATE_DEBUGGING_SYMBOLS = YES;
				GCC_INLINES_ARE_PRIVATE_EXTERN = NO;
				GCC_OPTIMIZATION_LEVEL = 2;
				GCC_PREPROCESSOR_DEFINITIONS = ("'CMAKE_INTDIR=\"$(CONFIGURATION)$(EFFECTIVE_PLATFORM_NAME)\"'", );
				GCC_SYMBOLS_PRIVATE_EXTERN = NO;
				HEADER_SEARCH_PATHS = (/usr/local/include, /usr/local/opt/openssl/include, );
				INSTALL_PATH = "";
				LD_RUNPATH_SEARCH_PATHS = "/usr/local/lib /usr/local/opt/openssl/lib /usr/local/Cellar/libuv/1.11.0/lib";
				LIBRARY_SEARCH_PATHS = " /usr/local/lib/$(CONFIGURATION)$(EFFECTIVE_PLATFORM_NAME) /usr/local/lib /usr/local/opt/openssl/lib/$(CONFIGURATION)$(EFFECTIVE_PLATFORM_NAME) /usr/local/opt/openssl/lib /usr/local/Cellar/libuv/1.11.0/lib/$(CONFIGURATION)$(EFFECTIVE_PLATFORM_NAME) /usr/local/Cellar/libuv/1.11.0/lib";
				OTHER_CPLUSPLUSFLAGS = "       -DNDEBUG   -std=c++11";
				OTHER_LDFLAGS = " -Wl,-search_paths_first -Wl,-headerpad_max_install_names  -lz -lssl -luv -luWS";
				OTHER_REZFLAGS = "";
				PRODUCT_NAME = UnscentedKF;
				SECTORDER_FLAGS = "";
				SYMROOT = /Users/hang/Desktop/SelfDrivingCar__TERM2/Term2/P2;
				USE_HEADERMAP = NO;
				WARNING_CFLAGS = ("-Wmost", "-Wno-four-char-constants", "-Wno-unknown-pragmas", "$(inherited)", );
			};
			name = RelWithDebInfo;
		};
		EF06B96213724746A8F6C7F2 /* Release */ = {
			isa = XCBuildConfiguration;
			buildSettings = {
				COMBINE_HIDPI_IMAGES = YES;
				GCC_GENERATE_DEBUGGING_SYMBOLS = YES;
				GCC_INLINES_ARE_PRIVATE_EXTERN = NO;
				GCC_OPTIMIZATION_LEVEL = 0;
				GCC_PREPROCESSOR_DEFINITIONS = ("'CMAKE_INTDIR=\"$(CONFIGURATION)$(EFFECTIVE_PLATFORM_NAME)\"'", );
				GCC_SYMBOLS_PRIVATE_EXTERN = NO;
				HEADER_SEARCH_PATHS = (/usr/local/include, /usr/local/opt/openssl/include, );
				INSTALL_PATH = "";
				OTHER_LDFLAGS = " ";
				OTHER_REZFLAGS = "";
				PRODUCT_NAME = ZERO_CHECK;
				SECTORDER_FLAGS = "";
				SYMROOT = /Users/hang/Desktop/SelfDrivingCar__TERM2/Term2/P2;
				USE_HEADERMAP = NO;
				WARNING_CFLAGS = ("-Wmost", "-Wno-four-char-constants", "-Wno-unknown-pragmas", "$(inherited)", );
			};
			name = Release;
		};
		F4A6DBDFAC0D440594240D3E /* Debug */ = {
			isa = XCBuildConfiguration;
			buildSettings = {
				ONLY_ACTIVE_ARCH = YES;
				SDKROOT = /Applications/Xcode.app/Contents/Developer/Platforms/MacOSX.platform/Developer/SDKs/MacOSX10.12.sdk;
				SYMROOT = /Users/hang/Desktop/SelfDrivingCar__TERM2/Term2/P2/build;
			};
			name = Debug;
		};
		FCDEA1584E9049AFA1E6DC73 /* RelWithDebInfo */ = {
			isa = XCBuildConfiguration;
			buildSettings = {
				COMBINE_HIDPI_IMAGES = YES;
				GCC_GENERATE_DEBUGGING_SYMBOLS = YES;
				GCC_INLINES_ARE_PRIVATE_EXTERN = NO;
				GCC_OPTIMIZATION_LEVEL = 0;
				GCC_PREPROCESSOR_DEFINITIONS = ("'CMAKE_INTDIR=\"$(CONFIGURATION)$(EFFECTIVE_PLATFORM_NAME)\"'", );
				GCC_SYMBOLS_PRIVATE_EXTERN = NO;
				HEADER_SEARCH_PATHS = (/usr/local/include, /usr/local/opt/openssl/include, );
				INSTALL_PATH = "";
				OTHER_LDFLAGS = " ";
				OTHER_REZFLAGS = "";
				PRODUCT_NAME = ZERO_CHECK;
				SECTORDER_FLAGS = "";
				SYMROOT = /Users/hang/Desktop/SelfDrivingCar__TERM2/Term2/P2;
				USE_HEADERMAP = NO;
				WARNING_CFLAGS = ("-Wmost", "-Wno-four-char-constants", "-Wno-unknown-pragmas", "$(inherited)", );
			};
			name = RelWithDebInfo;
		};
/* End XCBuildConfiguration section */

/* Begin XCConfigurationList section */
		03094525A0E941C59CA34F52 /* Build configuration list for PBXAggregateTarget "ZERO_CHECK" */ = {
			isa = XCConfigurationList;
			buildConfigurations = (
				1EBE638FB4E54D038667BD42 /* Debug */,
				EF06B96213724746A8F6C7F2 /* Release */,
				A35FA95FFDB94485A712921F /* MinSizeRel */,
				FCDEA1584E9049AFA1E6DC73 /* RelWithDebInfo */,
			);
			defaultConfigurationIsVisible = 0;
			defaultConfigurationName = Debug;
		};
		246AB4426D424E15A8310FFE /* Build configuration list for PBXProject "UnscentedKF" */ = {
			isa = XCConfigurationList;
			buildConfigurations = (
				F4A6DBDFAC0D440594240D3E /* Debug */,
				42C8727174A0468895D36DAD /* Release */,
				57949375D4E34FFE9389EA1E /* MinSizeRel */,
				C21D3F7742DB427FA41D0CB3 /* RelWithDebInfo */,
			);
			defaultConfigurationIsVisible = 0;
			defaultConfigurationName = Debug;
		};
		28ED056FFCD948118083433C /* Build configuration list for PBXAggregateTarget "ALL_BUILD" */ = {
			isa = XCConfigurationList;
			buildConfigurations = (
				9739F7F5106B4D629EF1F6B4 /* Debug */,
				30C1BB2325F24FB6BAF04FA8 /* Release */,
				3BA7B5D402584B5B932CBAE1 /* MinSizeRel */,
				BEE7E645277B4F0382FE5F63 /* RelWithDebInfo */,
			);
			defaultConfigurationIsVisible = 0;
			defaultConfigurationName = Debug;
		};
		6A5CCEA75EFC4AB2806DD0EE /* Build configuration list for PBXNativeTarget "UnscentedKF" */ = {
			isa = XCConfigurationList;
			buildConfigurations = (
				740A40DE9D384852A84102DB /* Debug */,
				059C8C9BF1B942B489BF6054 /* Release */,
				2830B2A01EFE4F6DBD2190F8 /* MinSizeRel */,
				D804B1553A46416AB896CF83 /* RelWithDebInfo */,
			);
			defaultConfigurationIsVisible = 0;
			defaultConfigurationName = Debug;
		};
/* End XCConfigurationList section */
	};
	rootObject = 335DD97DCA5B45FD9C096280 /* Project object */;
}
